
Microsoft Visual Studio Solution File, Format Version 12.00
# Visual Studio Version 17
VisualStudioVersion = 17.4.33205.214
MinimumVisualStudioVersion = 10.0.40219.1
Project("{FAE04EC0-301F-11D3-BF4B-00C04F79EFBC}") = "WinFormsApp3", "WinFormsApp3\WinFormsApp3.csproj", "{2A4AB59C-569A-41F7-BD8E-AB6BA13ACACB}"
EndProject
Global
	GlobalSection(SolutionConfigurationPlatforms) = preSolution
		Debug|Any CPU = Debug|Any CPU
		Release|Any CPU = Release|Any CPU
	EndGlobalSection
	GlobalSection(ProjectConfigurationPlatforms) = postSolution
		{2A4AB59C-569A-41F7-BD8E-AB6BA13ACACB}.Debug|Any CPU.ActiveCfg = Debug|Any CPU
		{2A4AB59C-569A-41F7-BD8E-AB6BA13ACACB}.Debug|Any CPU.Build.0 = Debug|Any CPU
		{2A4AB59C-569A-41F7-BD8E-AB6BA13ACACB}.Release|Any CPU.ActiveCfg = Release|Any CPU
		{2A4AB59C-569A-41F7-BD8E-AB6BA13ACACB}.Release|Any CPU.Build.0 = Release|Any CPU
	EndGlobalSection
	GlobalSection(SolutionProperties) = preSolution
		HideSolutionNode = FALSE
	EndGlobalSection
	GlobalSection(ExtensibilityGlobals) = postSolution
		SolutionGuid = {8EE00B00-D52B-43A1-AB4D-8E7BD51FE85D}
	EndGlobalSection
EndGlobal
